
Microsoft Visual Studio Solution File, Format Version 12.00
# Visual Studio Version 17
VisualStudioVersion = 17.0.31612.314
MinimumVisualStudioVersion = 10.0.40219.1
Project("{9A19103F-16F7-4668-BE54-9A1E7A4F7556}") = "MID3SMPS", "MID3SMPS\MID3SMPS.csproj", "{22E4EB86-002E-4287-93B8-D1F22FC8CC3B}"
EndProject
Global
	GlobalSection(SolutionConfigurationPlatforms) = preSolution
		Debug|Any CPU = Debug|Any CPU
		Release|Any CPU = Release|Any CPU
	EndGlobalSection
	GlobalSection(ProjectConfigurationPlatforms) = postSolution
		{22E4EB86-002E-4287-93B8-D1F22FC8CC3B}.Debug|Any CPU.ActiveCfg = Debug|Any CPU
		{22E4EB86-002E-4287-93B8-D1F22FC8CC3B}.Debug|Any CPU.Build.0 = Debug|Any CPU
		{22E4EB86-002E-4287-93B8-D1F22FC8CC3B}.Release|Any CPU.ActiveCfg = Release|Any CPU
		{22E4EB86-002E-4287-93B8-D1F22FC8CC3B}.Release|Any CPU.Build.0 = Release|Any CPU
	EndGlobalSection
	GlobalSection(SolutionProperties) = preSolution
		HideSolutionNode = FALSE
	EndGlobalSection
	GlobalSection(ExtensibilityGlobals) = postSolution
		SolutionGuid = {62A25CF0-7AAF-4910-BA7C-DA93781D2427}
	EndGlobalSection
EndGlobal
